
Microsoft Visual Studio Solution File, Format Version 12.00
# Visual Studio Version 17
VisualStudioVersion = 17.7.34003.232
MinimumVisualStudioVersion = 10.0.40219.1
Project("{FAE04EC0-301F-11D3-BF4B-00C04F79EFBC}") = "ChandelierPlugin.View", "ChandelierPlugin.View\ChandelierPlugin.View.csproj", "{46274676-7E03-42DB-9B38-6679F3C1ADF9}"
EndProject
Project("{FAE04EC0-301F-11D3-BF4B-00C04F79EFBC}") = "ChandelierPlugin.Model", "ChandelierPlugin.Model\ChandelierPlugin.Model.csproj", "{C0AFFEC4-8FD8-4336-94F2-50B4696EB7A9}"
EndProject
Global
	GlobalSection(SolutionConfigurationPlatforms) = preSolution
		Debug|Any CPU = Debug|Any CPU
		Release|Any CPU = Release|Any CPU
	EndGlobalSection
	GlobalSection(ProjectConfigurationPlatforms) = postSolution
		{46274676-7E03-42DB-9B38-6679F3C1ADF9}.Debug|Any CPU.ActiveCfg = Debug|Any CPU
		{46274676-7E03-42DB-9B38-6679F3C1ADF9}.Debug|Any CPU.Build.0 = Debug|Any CPU
		{46274676-7E03-42DB-9B38-6679F3C1ADF9}.Release|Any CPU.ActiveCfg = Release|Any CPU
		{46274676-7E03-42DB-9B38-6679F3C1ADF9}.Release|Any CPU.Build.0 = Release|Any CPU
		{C0AFFEC4-8FD8-4336-94F2-50B4696EB7A9}.Debug|Any CPU.ActiveCfg = Debug|Any CPU
		{C0AFFEC4-8FD8-4336-94F2-50B4696EB7A9}.Debug|Any CPU.Build.0 = Debug|Any CPU
		{C0AFFEC4-8FD8-4336-94F2-50B4696EB7A9}.Release|Any CPU.ActiveCfg = Release|Any CPU
		{C0AFFEC4-8FD8-4336-94F2-50B4696EB7A9}.Release|Any CPU.Build.0 = Release|Any CPU
	EndGlobalSection
	GlobalSection(SolutionProperties) = preSolution
		HideSolutionNode = FALSE
	EndGlobalSection
	GlobalSection(ExtensibilityGlobals) = postSolution
		SolutionGuid = {36EF0EB5-8763-46FA-AE05-707BF94A4324}
	EndGlobalSection
EndGlobal
